
Microsoft Visual Studio Solution File, Format Version 11.00
# Visual Studio 2010
Project("{E24C65DC-7377-472B-9ABA-BC803B73C61A}") = "BCC.web", "BCC.web\", "{EF538932-892F-4748-ACE6-B9D767A20392}"
	ProjectSection(WebsiteProperties) = preProject
		TargetFrameworkMoniker = ".NETFramework,Version%3Dv3.5"
		ProjectReferences = "{84543883-37D1-4137-9A5A-53F7A00780B1}|BCC.Core.dll;{44253914-7EFD-464C-B8BF-3A356E836576}|BCC.Controls.dll;"
		Debug.AspNetCompiler.VirtualPath = "/BCC.web"
		Debug.AspNetCompiler.PhysicalPath = "BCC.web\"
		Debug.AspNetCompiler.TargetPath = "PrecompiledWeb\BCC.web\"
		Debug.AspNetCompiler.Updateable = "true"
		Debug.AspNetCompiler.ForceOverwrite = "true"
		Debug.AspNetCompiler.FixedNames = "true"
		Debug.AspNetCompiler.Debug = "True"
		Release.AspNetCompiler.VirtualPath = "/BCC.web"
		Release.AspNetCompiler.PhysicalPath = "BCC.web\"
		Release.AspNetCompiler.TargetPath = "PrecompiledWeb\BCC.web\"
		Release.AspNetCompiler.Updateable = "true"
		Release.AspNetCompiler.ForceOverwrite = "true"
		Release.AspNetCompiler.FixedNames = "true"
		Release.AspNetCompiler.Debug = "False"
		VWDPort = "1038"
		VWDDynamicPort = "true"
	EndProjectSection
EndProject
Project("{FAE04EC0-301F-11D3-BF4B-00C04F79EFBC}") = "BCC.Core", "BCC.Core\BCC.Core.csproj", "{84543883-37D1-4137-9A5A-53F7A00780B1}"
EndProject
Project("{FAE04EC0-301F-11D3-BF4B-00C04F79EFBC}") = "ConsoleApplication", "ConsoleApplication\ConsoleApplication.csproj", "{0850150D-CB48-40FF-BEF8-BB87AAFF3DA3}"
EndProject
Project("{FAE04EC0-301F-11D3-BF4B-00C04F79EFBC}") = "BCC.Controls", "BCC.Controls\BCC.Controls.csproj", "{44253914-7EFD-464C-B8BF-3A356E836576}"
EndProject
Project("{FAE04EC0-301F-11D3-BF4B-00C04F79EFBC}") = "BCC.Agent", "BCC.Agent\BCC.Agent.html", "{58C45F6B-EBE2-4774-AB8B-6E6E74B4093A}"
EndProject
Project("{54435603-DBB4-11D2-8724-00A0C9A8B90C}") = "BCCAgentSetup", "BCCAgentSetup\BCCAgentSetup.vdproj", "{BFE6F614-830A-4FBA-A423-1C6EE1EB5C44}"
EndProject
Global
	GlobalSection(SolutionConfigurationPlatforms) = preSolution
		Debug|Any CPU = Debug|Any CPU
		Release|Any CPU = Release|Any CPU
	EndGlobalSection
	GlobalSection(ProjectConfigurationPlatforms) = postSolution
		{EF538932-892F-4748-ACE6-B9D767A20392}.Debug|Any CPU.ActiveCfg = Debug|Any CPU
		{EF538932-892F-4748-ACE6-B9D767A20392}.Debug|Any CPU.Build.0 = Debug|Any CPU
		{EF538932-892F-4748-ACE6-B9D767A20392}.Release|Any CPU.ActiveCfg = Debug|Any CPU
		{EF538932-892F-4748-ACE6-B9D767A20392}.Release|Any CPU.Build.0 = Debug|Any CPU
		{84543883-37D1-4137-9A5A-53F7A00780B1}.Debug|Any CPU.ActiveCfg = Debug|Any CPU
		{84543883-37D1-4137-9A5A-53F7A00780B1}.Debug|Any CPU.Build.0 = Debug|Any CPU
		{84543883-37D1-4137-9A5A-53F7A00780B1}.Release|Any CPU.ActiveCfg = Release|Any CPU
		{84543883-37D1-4137-9A5A-53F7A00780B1}.Release|Any CPU.Build.0 = Release|Any CPU
		{0850150D-CB48-40FF-BEF8-BB87AAFF3DA3}.Debug|Any CPU.ActiveCfg = Debug|Any CPU
		{0850150D-CB48-40FF-BEF8-BB87AAFF3DA3}.Debug|Any CPU.Build.0 = Debug|Any CPU
		{0850150D-CB48-40FF-BEF8-BB87AAFF3DA3}.Release|Any CPU.ActiveCfg = Release|Any CPU
		{0850150D-CB48-40FF-BEF8-BB87AAFF3DA3}.Release|Any CPU.Build.0 = Release|Any CPU
		{44253914-7EFD-464C-B8BF-3A356E836576}.Debug|Any CPU.ActiveCfg = Debug|Any CPU
		{44253914-7EFD-464C-B8BF-3A356E836576}.Debug|Any CPU.Build.0 = Debug|Any CPU
		{44253914-7EFD-464C-B8BF-3A356E836576}.Release|Any CPU.ActiveCfg = Release|Any CPU
		{44253914-7EFD-464C-B8BF-3A356E836576}.Release|Any CPU.Build.0 = Release|Any CPU
		{58C45F6B-EBE2-4774-AB8B-6E6E74B4093A}.Debug|Any CPU.ActiveCfg = Debug|Any CPU
		{58C45F6B-EBE2-4774-AB8B-6E6E74B4093A}.Debug|Any CPU.Build.0 = Debug|Any CPU
		{58C45F6B-EBE2-4774-AB8B-6E6E74B4093A}.Release|Any CPU.ActiveCfg = Release|Any CPU
		{58C45F6B-EBE2-4774-AB8B-6E6E74B4093A}.Release|Any CPU.Build.0 = Release|Any CPU
		{BFE6F614-830A-4FBA-A423-1C6EE1EB5C44}.Debug|Any CPU.ActiveCfg = Debug
		{BFE6F614-830A-4FBA-A423-1C6EE1EB5C44}.Release|Any CPU.ActiveCfg = Release
	EndGlobalSection
	GlobalSection(SolutionProperties) = preSolution
		HideSolutionNode = FALSE
	EndGlobalSection
EndGlobal
