
Microsoft Visual Studio Solution File, Format Version 10.00
# Visual Studio 2008
Project("{FAE04EC0-301F-11D3-BF4B-00C04F79EFBC}") = "BCC.Core", "BCC.Core.csproj", "{84543883-37D1-4137-9A5A-53F7A00780B1}"
EndProject
Global
	GlobalSection(SolutionConfigurationPlatforms) = preSolution
		Debug|Any CPU = Debug|Any CPU
		Release|Any CPU = Release|Any CPU
	EndGlobalSection
	GlobalSection(ProjectConfigurationPlatforms) = postSolution
		{84543883-37D1-4137-9A5A-53F7A00780B1}.Debug|Any CPU.ActiveCfg = Debug|Any CPU
		{84543883-37D1-4137-9A5A-53F7A00780B1}.Debug|Any CPU.Build.0 = Debug|Any CPU
		{84543883-37D1-4137-9A5A-53F7A00780B1}.Release|Any CPU.ActiveCfg = Release|Any CPU
		{84543883-37D1-4137-9A5A-53F7A00780B1}.Release|Any CPU.Build.0 = Release|Any CPU
	EndGlobalSection
	GlobalSection(SolutionProperties) = preSolution
		HideSolutionNode = FALSE
	EndGlobalSection
EndGlobal
